// !$*UTF8*$!
{
	archiveVersion = 1;
	classes = {
	};
	objectVersion = 55;
	objects = {

/* Begin PBXBuildFile section */
		0967876627274F3800E4B142 /* TopBrazilianClubsUITests.swift in Sources */ = {isa = PBXBuildFile; fileRef = 0967876527274F3800E4B142 /* TopBrazilianClubsUITests.swift */; };
		09729DA02710BE5F00970C9E /* AppDelegate.swift in Sources */ = {isa = PBXBuildFile; fileRef = 09729D9F2710BE5F00970C9E /* AppDelegate.swift */; };
		09729DA22710BE5F00970C9E /* SceneDelegate.swift in Sources */ = {isa = PBXBuildFile; fileRef = 09729DA12710BE5F00970C9E /* SceneDelegate.swift */; };
		09729DA42710BE5F00970C9E /* ViewController.swift in Sources */ = {isa = PBXBuildFile; fileRef = 09729DA32710BE5F00970C9E /* ViewController.swift */; };
		09729DA72710BE5F00970C9E /* Main.storyboard in Resources */ = {isa = PBXBuildFile; fileRef = 09729DA52710BE5F00970C9E /* Main.storyboard */; };
		09729DA92710BE6200970C9E /* Assets.xcassets in Resources */ = {isa = PBXBuildFile; fileRef = 09729DA82710BE6200970C9E /* Assets.xcassets */; };
		09729DAC2710BE6200970C9E /* LaunchScreen.storyboard in Resources */ = {isa = PBXBuildFile; fileRef = 09729DAA2710BE6200970C9E /* LaunchScreen.storyboard */; };
		09729DB42710BF3200970C9E /* TeamEntity.swift in Sources */ = {isa = PBXBuildFile; fileRef = 09729DB32710BF3200970C9E /* TeamEntity.swift */; };
		09729DB62710C54D00970C9E /* TableViewCell.swift in Sources */ = {isa = PBXBuildFile; fileRef = 09729DB52710C54D00970C9E /* TableViewCell.swift */; };
		09729DB82710CEE200970C9E /* UIImageView.swift in Sources */ = {isa = PBXBuildFile; fileRef = 09729DB72710CEE200970C9E /* UIImageView.swift */; };
		099FE28127189C22008EBA01 /* ClubDetailViewController.swift in Sources */ = {isa = PBXBuildFile; fileRef = 099FE28027189C22008EBA01 /* ClubDetailViewController.swift */; };
		09DF0793271753C000FF9EE5 /* ClubCollectionViewCell.swift in Sources */ = {isa = PBXBuildFile; fileRef = 09DF0792271753C000FF9EE5 /* ClubCollectionViewCell.swift */; };
/* End PBXBuildFile section */

/* Begin PBXContainerItemProxy section */
		0967876927274F3800E4B142 /* PBXContainerItemProxy */ = {
			isa = PBXContainerItemProxy;
			containerPortal = 09729D942710BE5F00970C9E /* Project object */;
			proxyType = 1;
			remoteGlobalIDString = 09729D9B2710BE5F00970C9E;
			remoteInfo = TopBrazilianClubs;
		};
/* End PBXContainerItemProxy section */

/* Begin PBXFileReference section */
		0967876327274F3800E4B142 /* TopBrazilianClubsUITests.xctest */ = {isa = PBXFileReference; explicitFileType = wrapper.cfbundle; includeInIndex = 0; path = TopBrazilianClubsUITests.xctest; sourceTree = BUILT_PRODUCTS_DIR; };
		0967876527274F3800E4B142 /* TopBrazilianClubsUITests.swift */ = {isa = PBXFileReference; lastKnownFileType = sourcecode.swift; path = TopBrazilianClubsUITests.swift; sourceTree = "<group>"; };
		09729D9C2710BE5F00970C9E /* TopBrazilianClubs.app */ = {isa = PBXFileReference; explicitFileType = wrapper.application; includeInIndex = 0; path = TopBrazilianClubs.app; sourceTree = BUILT_PRODUCTS_DIR; };
		09729D9F2710BE5F00970C9E /* AppDelegate.swift */ = {isa = PBXFileReference; lastKnownFileType = sourcecode.swift; path = AppDelegate.swift; sourceTree = "<group>"; };
		09729DA12710BE5F00970C9E /* SceneDelegate.swift */ = {isa = PBXFileReference; lastKnownFileType = sourcecode.swift; path = SceneDelegate.swift; sourceTree = "<group>"; };
		09729DA32710BE5F00970C9E /* ViewController.swift */ = {isa = PBXFileReference; lastKnownFileType = sourcecode.swift; path = ViewController.swift; sourceTree = "<group>"; };
		09729DA62710BE5F00970C9E /* Base */ = {isa = PBXFileReference; lastKnownFileType = file.storyboard; name = Base; path = Base.lproj/Main.storyboard; sourceTree = "<group>"; };
		09729DA82710BE6200970C9E /* Assets.xcassets */ = {isa = PBXFileReference; lastKnownFileType = folder.assetcatalog; path = Assets.xcassets; sourceTree = "<group>"; };
		09729DAB2710BE6200970C9E /* Base */ = {isa = PBXFileReference; lastKnownFileType = file.storyboard; name = Base; path = Base.lproj/LaunchScreen.storyboard; sourceTree = "<group>"; };
		09729DAD2710BE6200970C9E /* Info.plist */ = {isa = PBXFileReference; lastKnownFileType = text.plist.xml; path = Info.plist; sourceTree = "<group>"; };
		09729DB32710BF3200970C9E /* TeamEntity.swift */ = {isa = PBXFileReference; lastKnownFileType = sourcecode.swift; path = TeamEntity.swift; sourceTree = "<group>"; };
		09729DB52710C54D00970C9E /* TableViewCell.swift */ = {isa = PBXFileReference; lastKnownFileType = sourcecode.swift; path = TableViewCell.swift; sourceTree = "<group>"; };
		09729DB72710CEE200970C9E /* UIImageView.swift */ = {isa = PBXFileReference; lastKnownFileType = sourcecode.swift; path = UIImageView.swift; sourceTree = "<group>"; };
		099FE28027189C22008EBA01 /* ClubDetailViewController.swift */ = {isa = PBXFileReference; lastKnownFileType = sourcecode.swift; path = ClubDetailViewController.swift; sourceTree = "<group>"; };
		09DF0792271753C000FF9EE5 /* ClubCollectionViewCell.swift */ = {isa = PBXFileReference; lastKnownFileType = sourcecode.swift; path = ClubCollectionViewCell.swift; sourceTree = "<group>"; };
/* End PBXFileReference section */

/* Begin PBXFrameworksBuildPhase section */
		0967876027274F3800E4B142 /* Frameworks */ = {
			isa = PBXFrameworksBuildPhase;
			buildActionMask = 2147483647;
			files = (
			);
			runOnlyForDeploymentPostprocessing = 0;
		};
		09729D992710BE5F00970C9E /* Frameworks */ = {
			isa = PBXFrameworksBuildPhase;
			buildActionMask = 2147483647;
			files = (
			);
			runOnlyForDeploymentPostprocessing = 0;
		};
/* End PBXFrameworksBuildPhase section */

/* Begin PBXGroup section */
		0967876427274F3800E4B142 /* TopBrazilianClubsUITests */ = {
			isa = PBXGroup;
			children = (
				0967876527274F3800E4B142 /* TopBrazilianClubsUITests.swift */,
			);
			path = TopBrazilianClubsUITests;
			sourceTree = "<group>";
		};
		09729D932710BE5F00970C9E = {
			isa = PBXGroup;
			children = (
				09729D9E2710BE5F00970C9E /* TopBrazilianClubs */,
				0967876427274F3800E4B142 /* TopBrazilianClubsUITests */,
				09729D9D2710BE5F00970C9E /* Products */,
			);
			sourceTree = "<group>";
		};
		09729D9D2710BE5F00970C9E /* Products */ = {
			isa = PBXGroup;
			children = (
				09729D9C2710BE5F00970C9E /* TopBrazilianClubs.app */,
				0967876327274F3800E4B142 /* TopBrazilianClubsUITests.xctest */,
			);
			name = Products;
			sourceTree = "<group>";
		};
		09729D9E2710BE5F00970C9E /* TopBrazilianClubs */ = {
			isa = PBXGroup;
			children = (
				09E13DBE2732CB6B007DAED8 /* Setting */,
				09E13DBD2732C9DD007DAED8 /* Extension */,
				09E13DBC2732C99A007DAED8 /* Controller */,
				09E13DBB2732C98E007DAED8 /* View */,
				09E13DBA2732C987007DAED8 /* Model */,
				09729DA82710BE6200970C9E /* Assets.xcassets */,
				09729DAA2710BE6200970C9E /* LaunchScreen.storyboard */,
				09729DAD2710BE6200970C9E /* Info.plist */,
			);
			path = TopBrazilianClubs;
			sourceTree = "<group>";
		};
		09E13DBA2732C987007DAED8 /* Model */ = {
			isa = PBXGroup;
			children = (
				09729DB32710BF3200970C9E /* TeamEntity.swift */,
			);
			path = Model;
			sourceTree = "<group>";
		};
		09E13DBB2732C98E007DAED8 /* View */ = {
			isa = PBXGroup;
			children = (
				09DF0792271753C000FF9EE5 /* ClubCollectionViewCell.swift */,
				09729DB52710C54D00970C9E /* TableViewCell.swift */,
				09729DA52710BE5F00970C9E /* Main.storyboard */,
			);
			path = View;
			sourceTree = "<group>";
		};
		09E13DBC2732C99A007DAED8 /* Controller */ = {
			isa = PBXGroup;
			children = (
				099FE28027189C22008EBA01 /* ClubDetailViewController.swift */,
				09729DA32710BE5F00970C9E /* ViewController.swift */,
			);
			path = Controller;
			sourceTree = "<group>";
		};
		09E13DBD2732C9DD007DAED8 /* Extension */ = {
			isa = PBXGroup;
			children = (
				09729DB72710CEE200970C9E /* UIImageView.swift */,
			);
			path = Extension;
			sourceTree = "<group>";
		};
		09E13DBE2732CB6B007DAED8 /* Setting */ = {
			isa = PBXGroup;
			children = (
				09729DA12710BE5F00970C9E /* SceneDelegate.swift */,
				09729D9F2710BE5F00970C9E /* AppDelegate.swift */,
			);
			path = Setting;
			sourceTree = "<group>";
		};
/* End PBXGroup section */

/* Begin PBXNativeTarget section */
		0967876227274F3800E4B142 /* TopBrazilianClubsUITests */ = {
			isa = PBXNativeTarget;
			buildConfigurationList = 0967876D27274F3800E4B142 /* Build configuration list for PBXNativeTarget "TopBrazilianClubsUITests" */;
			buildPhases = (
				0967875F27274F3800E4B142 /* Sources */,
				0967876027274F3800E4B142 /* Frameworks */,
				0967876127274F3800E4B142 /* Resources */,
			);
			buildRules = (
			);
			dependencies = (
				0967876A27274F3800E4B142 /* PBXTargetDependency */,
			);
			name = TopBrazilianClubsUITests;
			productName = TopBrazilianClubsUITests;
			productReference = 0967876327274F3800E4B142 /* TopBrazilianClubsUITests.xctest */;
			productType = "com.apple.product-type.bundle.ui-testing";
		};
		09729D9B2710BE5F00970C9E /* TopBrazilianClubs */ = {
			isa = PBXNativeTarget;
			buildConfigurationList = 09729DB02710BE6200970C9E /* Build configuration list for PBXNativeTarget "TopBrazilianClubs" */;
			buildPhases = (
				09729D982710BE5F00970C9E /* Sources */,
				09729D992710BE5F00970C9E /* Frameworks */,
				09729D9A2710BE5F00970C9E /* Resources */,
			);
			buildRules = (
			);
			dependencies = (
			);
			name = TopBrazilianClubs;
			productName = TopBrazilianClubs;
			productReference = 09729D9C2710BE5F00970C9E /* TopBrazilianClubs.app */;
			productType = "com.apple.product-type.application";
		};
/* End PBXNativeTarget section */

/* Begin PBXProject section */
		09729D942710BE5F00970C9E /* Project object */ = {
			isa = PBXProject;
			attributes = {
				BuildIndependentTargetsInParallel = 1;
				LastSwiftUpdateCheck = 1300;
				LastUpgradeCheck = 1300;
				TargetAttributes = {
					0967876227274F3800E4B142 = {
						CreatedOnToolsVersion = 13.0;
						TestTargetID = 09729D9B2710BE5F00970C9E;
					};
					09729D9B2710BE5F00970C9E = {
						CreatedOnToolsVersion = 13.0;
					};
				};
			};
			buildConfigurationList = 09729D972710BE5F00970C9E /* Build configuration list for PBXProject "TopBrazilianClubs" */;
			compatibilityVersion = "Xcode 13.0";
			developmentRegion = en;
			hasScannedForEncodings = 0;
			knownRegions = (
				en,
				Base,
			);
			mainGroup = 09729D932710BE5F00970C9E;
			productRefGroup = 09729D9D2710BE5F00970C9E /* Products */;
			projectDirPath = "";
			projectRoot = "";
			targets = (
				09729D9B2710BE5F00970C9E /* TopBrazilianClubs */,
				0967876227274F3800E4B142 /* TopBrazilianClubsUITests */,
			);
		};
/* End PBXProject section */

/* Begin PBXResourcesBuildPhase section */
		0967876127274F3800E4B142 /* Resources */ = {
			isa = PBXResourcesBuildPhase;
			buildActionMask = 2147483647;
			files = (
			);
			runOnlyForDeploymentPostprocessing = 0;
		};
		09729D9A2710BE5F00970C9E /* Resources */ = {
			isa = PBXResourcesBuildPhase;
			buildActionMask = 2147483647;
			files = (
				09729DAC2710BE6200970C9E /* LaunchScreen.storyboard in Resources */,
				09729DA92710BE6200970C9E /* Assets.xcassets in Resources */,
				09729DA72710BE5F00970C9E /* Main.storyboard in Resources */,
			);
			runOnlyForDeploymentPostprocessing = 0;
		};
/* End PBXResourcesBuildPhase section */

/* Begin PBXSourcesBuildPhase section */
		0967875F27274F3800E4B142 /* Sources */ = {
			isa = PBXSourcesBuildPhase;
			buildActionMask = 2147483647;
			files = (
				0967876627274F3800E4B142 /* TopBrazilianClubsUITests.swift in Sources */,
			);
			runOnlyForDeploymentPostprocessing = 0;
		};
		09729D982710BE5F00970C9E /* Sources */ = {
			isa = PBXSourcesBuildPhase;
			buildActionMask = 2147483647;
			files = (
				09DF0793271753C000FF9EE5 /* ClubCollectionViewCell.swift in Sources */,
				099FE28127189C22008EBA01 /* ClubDetailViewController.swift in Sources */,
				09729DB62710C54D00970C9E /* TableViewCell.swift in Sources */,
				09729DA42710BE5F00970C9E /* ViewController.swift in Sources */,
				09729DA02710BE5F00970C9E /* AppDelegate.swift in Sources */,
				09729DB82710CEE200970C9E /* UIImageView.swift in Sources */,
				09729DA22710BE5F00970C9E /* SceneDelegate.swift in Sources */,
				09729DB42710BF3200970C9E /* TeamEntity.swift in Sources */,
			);
			runOnlyForDeploymentPostprocessing = 0;
		};
/* End PBXSourcesBuildPhase section */

/* Begin PBXTargetDependency section */
		0967876A27274F3800E4B142 /* PBXTargetDependency */ = {
			isa = PBXTargetDependency;
			target = 09729D9B2710BE5F00970C9E /* TopBrazilianClubs */;
			targetProxy = 0967876927274F3800E4B142 /* PBXContainerItemProxy */;
		};
/* End PBXTargetDependency section */

/* Begin PBXVariantGroup section */
		09729DA52710BE5F00970C9E /* Main.storyboard */ = {
			isa = PBXVariantGroup;
			children = (
				09729DA62710BE5F00970C9E /* Base */,
			);
			name = Main.storyboard;
			sourceTree = "<group>";
		};
		09729DAA2710BE6200970C9E /* LaunchScreen.storyboard */ = {
			isa = PBXVariantGroup;
			children = (
				09729DAB2710BE6200970C9E /* Base */,
			);
			name = LaunchScreen.storyboard;
			sourceTree = "<group>";
		};
/* End PBXVariantGroup section */

/* Begin XCBuildConfiguration section */
		0967876B27274F3800E4B142 /* Debug */ = {
			isa = XCBuildConfiguration;
			buildSettings = {
				CODE_SIGN_STYLE = Automatic;
				CURRENT_PROJECT_VERSION = 1;
				DEVELOPMENT_TEAM = D8SS8BRWWP;
				GENERATE_INFOPLIST_FILE = YES;
				LD_RUNPATH_SEARCH_PATHS = (
					"$(inherited)",
					"@executable_path/Frameworks",
					"@loader_path/Frameworks",
				);
				MARKETING_VERSION = 1.0;
				PRODUCT_BUNDLE_IDENTIFIER = br.com.hugocoutinho.ImportSwiftFilesIntoObjc.TopBrazilianClubsUITests;
				PRODUCT_NAME = "$(TARGET_NAME)";
				SWIFT_EMIT_LOC_STRINGS = NO;
				SWIFT_VERSION = 5.0;
				TARGETED_DEVICE_FAMILY = "1,2";
				TEST_TARGET_NAME = TopBrazilianClubs;
			};
			name = Debug;
		};
		0967876C27274F3800E4B142 /* Release */ = {
			isa = XCBuildConfiguration;
			buildSettings = {
				CODE_SIGN_STYLE = Automatic;
				CURRENT_PROJECT_VERSION = 1;
				DEVELOPMENT_TEAM = D8SS8BRWWP;
				GENERATE_INFOPLIST_FILE = YES;
				LD_RUNPATH_SEARCH_PATHS = (
					"$(inherited)",
					"@executable_path/Frameworks",
					"@loader_path/Frameworks",
				);
				MARKETING_VERSION = 1.0;
				PRODUCT_BUNDLE_IDENTIFIER = br.com.hugocoutinho.ImportSwiftFilesIntoObjc.TopBrazilianClubsUITests;
				PRODUCT_NAME = "$(TARGET_NAME)";
				SWIFT_EMIT_LOC_STRINGS = NO;
				SWIFT_VERSION = 5.0;
				TARGETED_DEVICE_FAMILY = "1,2";
				TEST_TARGET_NAME = TopBrazilianClubs;
			};
			name = Release;
		};
		09729DAE2710BE6200970C9E /* Debug */ = {
			isa = XCBuildConfiguration;
			buildSettings = {
				ALWAYS_SEARCH_USER_PATHS = NO;
				CLANG_ANALYZER_NONNULL = YES;
				CLANG_ANALYZER_NUMBER_OBJECT_CONVERSION = YES_AGGRESSIVE;
				CLANG_CXX_LANGUAGE_STANDARD = "gnu++17";
				CLANG_CXX_LIBRARY = "libc++";
				CLANG_ENABLE_MODULES = YES;
				CLANG_ENABLE_OBJC_ARC = YES;
				CLANG_ENABLE_OBJC_WEAK = YES;
				CLANG_WARN_BLOCK_CAPTURE_AUTORELEASING = YES;
				CLANG_WARN_BOOL_CONVERSION = YES;
				CLANG_WARN_COMMA = YES;
				CLANG_WARN_CONSTANT_CONVERSION = YES;
				CLANG_WARN_DEPRECATED_OBJC_IMPLEMENTATIONS = YES;
				CLANG_WARN_DIRECT_OBJC_ISA_USAGE = YES_ERROR;
				CLANG_WARN_DOCUMENTATION_COMMENTS = YES;
				CLANG_WARN_EMPTY_BODY = YES;
				CLANG_WARN_ENUM_CONVERSION = YES;
				CLANG_WARN_INFINITE_RECURSION = YES;
				CLANG_WARN_INT_CONVERSION = YES;
				CLANG_WARN_NON_LITERAL_NULL_CONVERSION = YES;
				CLANG_WARN_OBJC_IMPLICIT_RETAIN_SELF = YES;
				CLANG_WARN_OBJC_LITERAL_CONVERSION = YES;
				CLANG_WARN_OBJC_ROOT_CLASS = YES_ERROR;
				CLANG_WARN_QUOTED_INCLUDE_IN_FRAMEWORK_HEADER = YES;
				CLANG_WARN_RANGE_LOOP_ANALYSIS = YES;
				CLANG_WARN_STRICT_PROTOTYPES = YES;
				CLANG_WARN_SUSPICIOUS_MOVE = YES;
				CLANG_WARN_UNGUARDED_AVAILABILITY = YES_AGGRESSIVE;
				CLANG_WARN_UNREACHABLE_CODE = YES;
				CLANG_WARN__DUPLICATE_METHOD_MATCH = YES;
				COPY_PHASE_STRIP = NO;
				DEBUG_INFORMATION_FORMAT = dwarf;
				ENABLE_STRICT_OBJC_MSGSEND = YES;
				ENABLE_TESTABILITY = YES;
				GCC_C_LANGUAGE_STANDARD = gnu11;
				GCC_DYNAMIC_NO_PIC = NO;
				GCC_NO_COMMON_BLOCKS = YES;
				GCC_OPTIMIZATION_LEVEL = 0;
				GCC_PREPROCESSOR_DEFINITIONS = (
					"DEBUG=1",
					"$(inherited)",
				);
				GCC_WARN_64_TO_32_BIT_CONVERSION = YES;
				GCC_WARN_ABOUT_RETURN_TYPE = YES_ERROR;
				GCC_WARN_UNDECLARED_SELECTOR = YES;
				GCC_WARN_UNINITIALIZED_AUTOS = YES_AGGRESSIVE;
				GCC_WARN_UNUSED_FUNCTION = YES;
				GCC_WARN_UNUSED_VARIABLE = YES;
				IPHONEOS_DEPLOYMENT_TARGET = 15.0;
				MTL_ENABLE_DEBUG_INFO = INCLUDE_SOURCE;
				MTL_FAST_MATH = YES;
				ONLY_ACTIVE_ARCH = YES;
				SDKROOT = iphoneos;
				SWIFT_ACTIVE_COMPILATION_CONDITIONS = DEBUG;
				SWIFT_OPTIMIZATION_LEVEL = "-Onone";
			};
			name = Debug;
		};
		09729DAF2710BE6200970C9E /* Release */ = {
			isa = XCBuildConfiguration;
			buildSettings = {
				ALWAYS_SEARCH_USER_PATHS = NO;
				CLANG_ANALYZER_NONNULL = YES;
				CLANG_ANALYZER_NUMBER_OBJECT_CONVERSION = YES_AGGRESSIVE;
				CLANG_CXX_LANGUAGE_STANDARD = "gnu++17";
				CLANG_CXX_LIBRARY = "libc++";
				CLANG_ENABLE_MODULES = YES;
				CLANG_ENABLE_OBJC_ARC = YES;
				CLANG_ENABLE_OBJC_WEAK = YES;
				CLANG_WARN_BLOCK_CAPTURE_AUTORELEASING = YES;
				CLANG_WARN_BOOL_CONVERSION = YES;
				CLANG_WARN_COMMA = YES;
				CLANG_WARN_CONSTANT_CONVERSION = YES;
				CLANG_WARN_DEPRECATED_OBJC_IMPLEMENTATIONS = YES;
				CLANG_WARN_DIRECT_OBJC_ISA_USAGE = YES_ERROR;
				CLANG_WARN_DOCUMENTATION_COMMENTS = YES;
				CLANG_WARN_EMPTY_BODY = YES;
				CLANG_WARN_ENUM_CONVERSION = YES;
				CLANG_WARN_INFINITE_RECURSION = YES;
				CLANG_WARN_INT_CONVERSION = YES;
				CLANG_WARN_NON_LITERAL_NULL_CONVERSION = YES;
				CLANG_WARN_OBJC_IMPLICIT_RETAIN_SELF = YES;
				CLANG_WARN_OBJC_LITERAL_CONVERSION = YES;
				CLANG_WARN_OBJC_ROOT_CLASS = YES_ERROR;
				CLANG_WARN_QUOTED_INCLUDE_IN_FRAMEWORK_HEADER = YES;
				CLANG_WARN_RANGE_LOOP_ANALYSIS = YES;
				CLANG_WARN_STRICT_PROTOTYPES = YES;
				CLANG_WARN_SUSPICIOUS_MOVE = YES;
				CLANG_WARN_UNGUARDED_AVAILABILITY = YES_AGGRESSIVE;
				CLANG_WARN_UNREACHABLE_CODE = YES;
				CLANG_WARN__DUPLICATE_METHOD_MATCH = YES;
				COPY_PHASE_STRIP = NO;
				DEBUG_INFORMATION_FORMAT = "dwarf-with-dsym";
				ENABLE_NS_ASSERTIONS = NO;
				ENABLE_STRICT_OBJC_MSGSEND = YES;
				GCC_C_LANGUAGE_STANDARD = gnu11;
				GCC_NO_COMMON_BLOCKS = YES;
				GCC_WARN_64_TO_32_BIT_CONVERSION = YES;
				GCC_WARN_ABOUT_RETURN_TYPE = YES_ERROR;
				GCC_WARN_UNDECLARED_SELECTOR = YES;
				GCC_WARN_UNINITIALIZED_AUTOS = YES_AGGRESSIVE;
				GCC_WARN_UNUSED_FUNCTION = YES;
				GCC_WARN_UNUSED_VARIABLE = YES;
				IPHONEOS_DEPLOYMENT_TARGET = 15.0;
				MTL_ENABLE_DEBUG_INFO = NO;
				MTL_FAST_MATH = YES;
				SDKROOT = iphoneos;
				SWIFT_COMPILATION_MODE = wholemodule;
				SWIFT_OPTIMIZATION_LEVEL = "-O";
				VALIDATE_PRODUCT = YES;
			};
			name = Release;
		};
		09729DB12710BE6200970C9E /* Debug */ = {
			isa = XCBuildConfiguration;
			buildSettings = {
				ASSETCATALOG_COMPILER_APPICON_NAME = AppIcon;
				ASSETCATALOG_COMPILER_GLOBAL_ACCENT_COLOR_NAME = AccentColor;
				CODE_SIGN_STYLE = Automatic;
				CURRENT_PROJECT_VERSION = 1;
				DEVELOPMENT_TEAM = D8SS8BRWWP;
				GENERATE_INFOPLIST_FILE = YES;
				INFOPLIST_FILE = TopBrazilianClubs/Info.plist;
				INFOPLIST_KEY_UIApplicationSupportsIndirectInputEvents = YES;
				INFOPLIST_KEY_UILaunchStoryboardName = LaunchScreen;
				INFOPLIST_KEY_UIMainStoryboardFile = Main;
				INFOPLIST_KEY_UISupportedInterfaceOrientations = UIInterfaceOrientationPortrait;
				INFOPLIST_KEY_UISupportedInterfaceOrientations_iPad = "UIInterfaceOrientationPortrait UIInterfaceOrientationPortraitUpsideDown UIInterfaceOrientationLandscapeLeft UIInterfaceOrientationLandscapeRight";
				INFOPLIST_KEY_UISupportedInterfaceOrientations_iPhone = "UIInterfaceOrientationPortrait UIInterfaceOrientationLandscapeLeft UIInterfaceOrientationLandscapeRight";
				IPHONEOS_DEPLOYMENT_TARGET = 15.0;
				LD_RUNPATH_SEARCH_PATHS = (
					"$(inherited)",
					"@executable_path/Frameworks",
				);
				MARKETING_VERSION = 1.0;
				PRODUCT_BUNDLE_IDENTIFIER = br.com.hugocoutinho.TopBrazilianClubs;
				PRODUCT_NAME = "$(TARGET_NAME)";
				SWIFT_EMIT_LOC_STRINGS = YES;
				SWIFT_VERSION = 5.0;
				TARGETED_DEVICE_FAMILY = 1;
			};
			name = Debug;
		};
		09729DB22710BE6200970C9E /* Release */ = {
			isa = XCBuildConfiguration;
			buildSettings = {
				ASSETCATALOG_COMPILER_APPICON_NAME = AppIcon;
				ASSETCATALOG_COMPILER_GLOBAL_ACCENT_COLOR_NAME = AccentColor;
				CODE_SIGN_STYLE = Automatic;
				CURRENT_PROJECT_VERSION = 1;
				DEVELOPMENT_TEAM = D8SS8BRWWP;
				GENERATE_INFOPLIST_FILE = YES;
				INFOPLIST_FILE = TopBrazilianClubs/Info.plist;
				INFOPLIST_KEY_UIApplicationSupportsIndirectInputEvents = YES;
				INFOPLIST_KEY_UILaunchStoryboardName = LaunchScreen;
				INFOPLIST_KEY_UIMainStoryboardFile = Main;
				INFOPLIST_KEY_UISupportedInterfaceOrientations = UIInterfaceOrientationPortrait;
				INFOPLIST_KEY_UISupportedInterfaceOrientations_iPad = "UIInterfaceOrientationPortrait UIInterfaceOrientationPortraitUpsideDown UIInterfaceOrientationLandscapeLeft UIInterfaceOrientationLandscapeRight";
				INFOPLIST_KEY_UISupportedInterfaceOrientations_iPhone = "UIInterfaceOrientationPortrait UIInterfaceOrientationLandscapeLeft UIInterfaceOrientationLandscapeRight";
				IPHONEOS_DEPLOYMENT_TARGET = 15.0;
				LD_RUNPATH_SEARCH_PATHS = (
					"$(inherited)",
					"@executable_path/Frameworks",
				);
				MARKETING_VERSION = 1.0;
				PRODUCT_BUNDLE_IDENTIFIER = br.com.hugocoutinho.TopBrazilianClubs;
				PRODUCT_NAME = "$(TARGET_NAME)";
				SWIFT_EMIT_LOC_STRINGS = YES;
				SWIFT_VERSION = 5.0;
				TARGETED_DEVICE_FAMILY = 1;
			};
			name = Release;
		};
/* End XCBuildConfiguration section */

/* Begin XCConfigurationList section */
		0967876D27274F3800E4B142 /* Build configuration list for PBXNativeTarget "TopBrazilianClubsUITests" */ = {
			isa = XCConfigurationList;
			buildConfigurations = (
				0967876B27274F3800E4B142 /* Debug */,
				0967876C27274F3800E4B142 /* Release */,
			);
			defaultConfigurationIsVisible = 0;
			defaultConfigurationName = Release;
		};
		09729D972710BE5F00970C9E /* Build configuration list for PBXProject "TopBrazilianClubs" */ = {
			isa = XCConfigurationList;
			buildConfigurations = (
				09729DAE2710BE6200970C9E /* Debug */,
				09729DAF2710BE6200970C9E /* Release */,
			);
			defaultConfigurationIsVisible = 0;
			defaultConfigurationName = Release;
		};
		09729DB02710BE6200970C9E /* Build configuration list for PBXNativeTarget "TopBrazilianClubs" */ = {
			isa = XCConfigurationList;
			buildConfigurations = (
				09729DB12710BE6200970C9E /* Debug */,
				09729DB22710BE6200970C9E /* Release */,
			);
			defaultConfigurationIsVisible = 0;
			defaultConfigurationName = Release;
		};
/* End XCConfigurationList section */
	};
	rootObject = 09729D942710BE5F00970C9E /* Project object */;
}
